<?xml version="1.0" encoding="UTF-8" standalone="yes" ?>
<CodeBlocks_project_file>
	<FileVersion major="1" minor="6" />
	<Project>
		<Option title="mars-audiogenerator" />
		<Option pch_mode="2" />
		<Option compiler="gcc" />
		<Build>
			<Target title="Debug">
				<Option output="bin/Debug/mars-audiogenerator" prefix_auto="1" extension_auto="1" />
				<Option object_output="obj/Debug/" />
				<Option type="1" />
				<Option compiler="gcc" />
				<Compiler>
					<Add option="-std=c++11" />
					<Add option="-g" />
				</Compiler>
			</Target>
			<Target title="Release">
				<Option output="bin/Release/mars-audiogenerator" prefix_auto="1" extension_auto="1" />
				<Option object_output="obj/Release/" />
				<Option type="1" />
				<Option compiler="gcc" />
				<Compiler>
					<Add option="-O2" />
				</Compiler>
				<Linker>
					<Add option="-s" />
				</Linker>
			</Target>
		</Build>
		<Compiler>
			<Add option="-std=c++11" />
			<Add option="-Wall" />
			<Add option="-fexceptions" />
		</Compiler>
		<Linker>
			<Add option="-ldl" />
			<Add option="-lsndfile" />
		</Linker>
		<Unit filename="main.cpp" />
		<Unit filename="main.h" />
		<Unit filename="src/mag/audioFile.cpp" />
		<Unit filename="src/mag/audioFile.h" />
		<Unit filename="src/mag/audioPlayer.cpp" />
		<Unit filename="src/mag/audioPlayer.h" />
		<Unit filename="src/mag/include.h" />
		<Unit filename="src/mag/mag.cpp" />
		<Unit filename="src/mag/mag.h" />
		<Unit filename="src/mag/sound.cpp" />
		<Unit filename="src/mag/sound.h" />
		<Unit filename="src/mag/soundData.cpp" />
		<Unit filename="src/mag/soundData.h" />
		<Unit filename="src/mag/soundGen.cpp" />
		<Unit filename="src/mag/soundGen.h" />
		<Unit filename="src/plugin-manager/include.h" />
		<Unit filename="src/plugin-manager/pluginInterface.h" />
		<Unit filename="src/plugin-manager/pluginLoader.cpp" />
		<Unit filename="src/plugin-manager/pluginLoader.h" />
		<Unit filename="src/plugin-manager/pluginManager.cpp" />
		<Unit filename="src/plugin-manager/pluginManager.h" />
		<Unit filename="src/ui/ncurses/ui-ncurses.cpp" />
		<Unit filename="src/ui/ncurses/ui-ncurses.h" />
		<Unit filename="src/ui/qt/ui-qt.cpp" />
		<Unit filename="src/ui/qt/ui-qt.h" />
		<Unit filename="src/ui/terminal/ui-terminal.cpp" />
		<Unit filename="src/ui/terminal/ui-terminal.h" />
		<Extensions>
			<code_completion />
			<debugger />
			<envvars />
		</Extensions>
	</Project>
</CodeBlocks_project_file>
